{
  "name": "clarity-mcp",
  "version": "0.7.6",
  "lockfileVersion": 3,
  "requires": true,
  "packages": {
    "": {
      "name": "clarity-mcp",
      "version": "0.7.6",
      "license": "MIT",
      "bin": {
        "clarity-mcp": "server.mjs"
      },
      "engines": {
        "node": ">=18"
      }
    }
  }
}
